PODS:
  - Alamofire (4.8.0)
  - Moya (12.0.1):
    - Moya/Core (= 12.0.1)
  - Moya/Core (12.0.1):
    - Alamofire (~> 4.1)
    - Result (~> 4.0)
  - Result (4.0.0)
  - RxSwift (4.3.1)
  - YSTransitionManager (0.0.6):
    - YYKit
  - YYKit (1.0.9):
    - YYKit/no-arc (= 1.0.9)
  - YYKit/no-arc (1.0.9)

DEPENDENCIES:
  - Moya (~> 12.0.0-beta.1)
  - RxSwift (~> 4.3.1)
  - YSTransitionManager (~> 0.0.5)
  - YYKit (~> 1.0.9)

SPEC REPOS:
  https://github.com/cocoapods/specs.git:
    - Alamofire
    - Moya
    - Result
    - RxSwift
    - YSTransitionManager
    - YYKit

SPEC CHECKSUMS:
  Alamofire: 3ec537f71edc9804815215393ae2b1a8ea33a844
  Moya: cf730b3cd9e005401ef37a85143aa141a12fd38f
  Result: 7645bb3f50c2ce726dd0ff2fa7b6f42bbe6c3713
  RxSwift: fe0fd770a43acdb7d0a53da411c9b892e69bb6e4
  YSTransitionManager: f55216ea141c082b9a61c944b9d8de8a67671d6a
  YYKit: 7cda43304a8dc3696c449041e2cb3107b4e236e7

PODFILE CHECKSUM: 374eac606ea71e08e6abdfd1de9dd870523ba741

COCOAPODS: 1.6.0.beta.2
