PODS:
  - Alamofire (4.7.3)
  - Moya (12.0.0-beta.1):
    - Moya/Core (= 12.0.0-beta.1)
  - Moya/Core (12.0.0-beta.1):
    - Alamofire (~> 4.1)
    - Result (~> 4.0)
  - Result (4.0.0)
  - RxSwift (4.3.1)
  - YYKit (1.0.9):
    - YYKit/no-arc (= 1.0.9)
  - YYKit/no-arc (1.0.9)

DEPENDENCIES:
  - Moya (~> 12.0.0-beta.1)
  - RxSwift (~> 4.3.1)
  - YYKit (~> 1.0.9)

SPEC REPOS:
  https://github.com/cocoapods/specs.git:
    - Alamofire
    - Moya
    - Result
    - RxSwift
    - YYKit

SPEC CHECKSUMS:
  Alamofire: c7287b6e5d7da964a70935e5db17046b7fde6568
  Moya: 1b8d16b4dac4302c323ca95077a733836e73484a
  Result: 7645bb3f50c2ce726dd0ff2fa7b6f42bbe6c3713
  RxSwift: fe0fd770a43acdb7d0a53da411c9b892e69bb6e4
  YYKit: 7cda43304a8dc3696c449041e2cb3107b4e236e7

PODFILE CHECKSUM: 06f8f552751ef2fce283758bc11ac315a21f37aa

COCOAPODS: 1.6.0.beta.2
